
Microsoft Visual Studio Solution File, Format Version 12.00
# Visual Studio Version 16
VisualStudioVersion = 16.0.30621.155
MinimumVisualStudioVersion = 10.0.40219.1
Project("{9A19103F-16F7-4668-BE54-9A1E7A4F7556}") = "AOC_01", "AOC_01\AOC_01.csproj", "{4D50B162-8BF7-41DF-994C-DC789D2590AB}"
EndProject
Project("{9A19103F-16F7-4668-BE54-9A1E7A4F7556}") = "AOC_02", "AOC_02\AOC_02.csproj", "{B72A8445-7BCC-4BC0-8AE2-C3247839ABD5}"
EndProject
Project("{9A19103F-16F7-4668-BE54-9A1E7A4F7556}") = "AOC_03", "AOC_03\AOC_03.csproj", "{92C8FE56-AD9E-4F85-851C-AA02C4C3981C}"
EndProject
Project("{FAE04EC0-301F-11D3-BF4B-00C04F79EFBC}") = "AOC_04", "AOC_04\AOC_04.csproj", "{CF0B89FE-1BC0-4450-898D-7DE38EDC785E}"
EndProject
Global
	GlobalSection(SolutionConfigurationPlatforms) = preSolution
		Debug|Any CPU = Debug|Any CPU
		Release|Any CPU = Release|Any CPU
	EndGlobalSection
	GlobalSection(ProjectConfigurationPlatforms) = postSolution
		{4D50B162-8BF7-41DF-994C-DC789D2590AB}.Debug|Any CPU.ActiveCfg = Debug|Any CPU
		{4D50B162-8BF7-41DF-994C-DC789D2590AB}.Debug|Any CPU.Build.0 = Debug|Any CPU
		{4D50B162-8BF7-41DF-994C-DC789D2590AB}.Release|Any CPU.ActiveCfg = Release|Any CPU
		{4D50B162-8BF7-41DF-994C-DC789D2590AB}.Release|Any CPU.Build.0 = Release|Any CPU
		{B72A8445-7BCC-4BC0-8AE2-C3247839ABD5}.Debug|Any CPU.ActiveCfg = Debug|Any CPU
		{B72A8445-7BCC-4BC0-8AE2-C3247839ABD5}.Debug|Any CPU.Build.0 = Debug|Any CPU
		{B72A8445-7BCC-4BC0-8AE2-C3247839ABD5}.Release|Any CPU.ActiveCfg = Release|Any CPU
		{B72A8445-7BCC-4BC0-8AE2-C3247839ABD5}.Release|Any CPU.Build.0 = Release|Any CPU
		{92C8FE56-AD9E-4F85-851C-AA02C4C3981C}.Debug|Any CPU.ActiveCfg = Debug|Any CPU
		{92C8FE56-AD9E-4F85-851C-AA02C4C3981C}.Debug|Any CPU.Build.0 = Debug|Any CPU
		{92C8FE56-AD9E-4F85-851C-AA02C4C3981C}.Release|Any CPU.ActiveCfg = Release|Any CPU
		{92C8FE56-AD9E-4F85-851C-AA02C4C3981C}.Release|Any CPU.Build.0 = Release|Any CPU
		{CF0B89FE-1BC0-4450-898D-7DE38EDC785E}.Debug|Any CPU.ActiveCfg = Debug|Any CPU
		{CF0B89FE-1BC0-4450-898D-7DE38EDC785E}.Debug|Any CPU.Build.0 = Debug|Any CPU
		{CF0B89FE-1BC0-4450-898D-7DE38EDC785E}.Release|Any CPU.ActiveCfg = Release|Any CPU
		{CF0B89FE-1BC0-4450-898D-7DE38EDC785E}.Release|Any CPU.Build.0 = Release|Any CPU
	EndGlobalSection
	GlobalSection(SolutionProperties) = preSolution
		HideSolutionNode = FALSE
	EndGlobalSection
	GlobalSection(ExtensibilityGlobals) = postSolution
		SolutionGuid = {72811E1F-5C40-43E2-9032-5F35E44EE4AE}
	EndGlobalSection
EndGlobal
